
Microsoft Visual Studio Solution File, Format Version 12.00
# Visual Studio Version 17
VisualStudioVersion = 17.9.34723.18
MinimumVisualStudioVersion = 10.0.40219.1
Project("{FAE04EC0-301F-11D3-BF4B-00C04F79EFBC}") = "AspSpeedTestWithMongoDb", "AspSpeedTestWithMongoDb\AspSpeedTestWithMongoDb.csproj", "{77EB05A1-1DBB-4A86-B8E2-0B4FC3C85B54}"
EndProject
Global
	GlobalSection(SolutionConfigurationPlatforms) = preSolution
		Debug|Any CPU = Debug|Any CPU
		Release|Any CPU = Release|Any CPU
	EndGlobalSection
	GlobalSection(ProjectConfigurationPlatforms) = postSolution
		{77EB05A1-1DBB-4A86-B8E2-0B4FC3C85B54}.Debug|Any CPU.ActiveCfg = Debug|Any CPU
		{77EB05A1-1DBB-4A86-B8E2-0B4FC3C85B54}.Debug|Any CPU.Build.0 = Debug|Any CPU
		{77EB05A1-1DBB-4A86-B8E2-0B4FC3C85B54}.Release|Any CPU.ActiveCfg = Release|Any CPU
		{77EB05A1-1DBB-4A86-B8E2-0B4FC3C85B54}.Release|Any CPU.Build.0 = Release|Any CPU
	EndGlobalSection
	GlobalSection(SolutionProperties) = preSolution
		HideSolutionNode = FALSE
	EndGlobalSection
	GlobalSection(ExtensibilityGlobals) = postSolution
		SolutionGuid = {6C23B16B-D97E-40EC-852B-5312B016C80A}
	EndGlobalSection
EndGlobal
